
Microsoft Visual Studio Solution File, Format Version 12.00
# Visual Studio Version 16
VisualStudioVersion = 16.0.30717.126
MinimumVisualStudioVersion = 10.0.40219.1
Project("{FAE04EC0-301F-11D3-BF4B-00C04F79EFBC}") = "健身房项目2.0", "健身房项目2.0.csproj", "{102AC843-3D95-4FDF-BC86-4417848B3D32}"
EndProject
Project("{FAE04EC0-301F-11D3-BF4B-00C04F79EFBC}") = "DAL", "DAL\DAL.csproj", "{7F6378F2-236B-47F8-9631-9B014ACAF8BD}"
EndProject
Project("{FAE04EC0-301F-11D3-BF4B-00C04F79EFBC}") = "BLL", "BLL\BLL.csproj", "{263A947A-1282-486E-949D-1FE60A8920CE}"
EndProject
Global
	GlobalSection(SolutionConfigurationPlatforms) = preSolution
		Debug|Any CPU = Debug|Any CPU
		Release|Any CPU = Release|Any CPU
	EndGlobalSection
	GlobalSection(ProjectConfigurationPlatforms) = postSolution
		{102AC843-3D95-4FDF-BC86-4417848B3D32}.Debug|Any CPU.ActiveCfg = Debug|Any CPU
		{102AC843-3D95-4FDF-BC86-4417848B3D32}.Debug|Any CPU.Build.0 = Debug|Any CPU
		{102AC843-3D95-4FDF-BC86-4417848B3D32}.Release|Any CPU.ActiveCfg = Release|Any CPU
		{102AC843-3D95-4FDF-BC86-4417848B3D32}.Release|Any CPU.Build.0 = Release|Any CPU
		{7F6378F2-236B-47F8-9631-9B014ACAF8BD}.Debug|Any CPU.ActiveCfg = Debug|Any CPU
		{7F6378F2-236B-47F8-9631-9B014ACAF8BD}.Debug|Any CPU.Build.0 = Debug|Any CPU
		{7F6378F2-236B-47F8-9631-9B014ACAF8BD}.Release|Any CPU.ActiveCfg = Release|Any CPU
		{7F6378F2-236B-47F8-9631-9B014ACAF8BD}.Release|Any CPU.Build.0 = Release|Any CPU
		{263A947A-1282-486E-949D-1FE60A8920CE}.Debug|Any CPU.ActiveCfg = Debug|Any CPU
		{263A947A-1282-486E-949D-1FE60A8920CE}.Debug|Any CPU.Build.0 = Debug|Any CPU
		{263A947A-1282-486E-949D-1FE60A8920CE}.Release|Any CPU.ActiveCfg = Release|Any CPU
		{263A947A-1282-486E-949D-1FE60A8920CE}.Release|Any CPU.Build.0 = Release|Any CPU
	EndGlobalSection
	GlobalSection(SolutionProperties) = preSolution
		HideSolutionNode = FALSE
	EndGlobalSection
	GlobalSection(ExtensibilityGlobals) = postSolution
		SolutionGuid = {30CE3D52-7563-42F4-A9E0-AC818F3F1F41}
	EndGlobalSection
EndGlobal
